
Microsoft Visual Studio Solution File, Format Version 12.00
# Visual Studio Version 17
VisualStudioVersion = 17.9.34728.123
MinimumVisualStudioVersion = 10.0.40219.1
Project("{FAE04EC0-301F-11D3-BF4B-00C04F79EFBC}") = "conexion-sql-practica", "conexion-sql-practica\conexion-sql-practica.csproj", "{3B10F5AA-9048-4920-89AD-B995D368B8B8}"
EndProject
Project("{FAE04EC0-301F-11D3-BF4B-00C04F79EFBC}") = "dominio", "Dominio\dominio.csproj", "{DA178987-8401-40A2-AB78-C5B688767761}"
EndProject
Project("{FAE04EC0-301F-11D3-BF4B-00C04F79EFBC}") = "negocio", "Negocio\negocio.csproj", "{2BBC6584-E3E0-46ED-BEB9-432CDBA4CE88}"
EndProject
Global
	GlobalSection(SolutionConfigurationPlatforms) = preSolution
		Debug|Any CPU = Debug|Any CPU
		Release|Any CPU = Release|Any CPU
	EndGlobalSection
	GlobalSection(ProjectConfigurationPlatforms) = postSolution
		{3B10F5AA-9048-4920-89AD-B995D368B8B8}.Debug|Any CPU.ActiveCfg = Debug|Any CPU
		{3B10F5AA-9048-4920-89AD-B995D368B8B8}.Debug|Any CPU.Build.0 = Debug|Any CPU
		{3B10F5AA-9048-4920-89AD-B995D368B8B8}.Release|Any CPU.ActiveCfg = Release|Any CPU
		{3B10F5AA-9048-4920-89AD-B995D368B8B8}.Release|Any CPU.Build.0 = Release|Any CPU
		{DA178987-8401-40A2-AB78-C5B688767761}.Debug|Any CPU.ActiveCfg = Debug|Any CPU
		{DA178987-8401-40A2-AB78-C5B688767761}.Debug|Any CPU.Build.0 = Debug|Any CPU
		{DA178987-8401-40A2-AB78-C5B688767761}.Release|Any CPU.ActiveCfg = Release|Any CPU
		{DA178987-8401-40A2-AB78-C5B688767761}.Release|Any CPU.Build.0 = Release|Any CPU
		{2BBC6584-E3E0-46ED-BEB9-432CDBA4CE88}.Debug|Any CPU.ActiveCfg = Debug|Any CPU
		{2BBC6584-E3E0-46ED-BEB9-432CDBA4CE88}.Debug|Any CPU.Build.0 = Debug|Any CPU
		{2BBC6584-E3E0-46ED-BEB9-432CDBA4CE88}.Release|Any CPU.ActiveCfg = Release|Any CPU
		{2BBC6584-E3E0-46ED-BEB9-432CDBA4CE88}.Release|Any CPU.Build.0 = Release|Any CPU
	EndGlobalSection
	GlobalSection(SolutionProperties) = preSolution
		HideSolutionNode = FALSE
	EndGlobalSection
	GlobalSection(ExtensibilityGlobals) = postSolution
		SolutionGuid = {EEBCCCAA-7889-42E5-A204-16D1B4791478}
	EndGlobalSection
EndGlobal
